
Microsoft Visual Studio Solution File, Format Version 12.00
# Visual Studio Version 17
VisualStudioVersion = 17.13.35919.96
MinimumVisualStudioVersion = 10.0.40219.1
Project("{8BC9CEB8-8B4A-11D0-8D11-00A0C91BC942}") = "Ch01_Game_Algorithm", "Ch01_Game_Algorithm.vcxproj", "{8F9F0740-D497-4C6C-8F81-36E498A928B1}"
EndProject
Project("{8BC9CEB8-8B4A-11D0-8D11-00A0C91BC942}") = "Ch02_Basic_Sorting", "..\Ch02_Basic_Sorting\Ch02_Basic_Sorting.vcxproj", "{4E155393-D959-4F56-AD0A-2F2067646806}"
EndProject
Global
	GlobalSection(SolutionConfigurationPlatforms) = preSolution
		Debug|x64 = Debug|x64
		Debug|x86 = Debug|x86
		Release|x64 = Release|x64
		Release|x86 = Release|x86
	EndGlobalSection
	GlobalSection(ProjectConfigurationPlatforms) = postSolution
		{8F9F0740-D497-4C6C-8F81-36E498A928B1}.Debug|x64.ActiveCfg = Debug|x64
		{8F9F0740-D497-4C6C-8F81-36E498A928B1}.Debug|x64.Build.0 = Debug|x64
		{8F9F0740-D497-4C6C-8F81-36E498A928B1}.Debug|x86.ActiveCfg = Debug|Win32
		{8F9F0740-D497-4C6C-8F81-36E498A928B1}.Debug|x86.Build.0 = Debug|Win32
		{8F9F0740-D497-4C6C-8F81-36E498A928B1}.Release|x64.ActiveCfg = Release|x64
		{8F9F0740-D497-4C6C-8F81-36E498A928B1}.Release|x64.Build.0 = Release|x64
		{8F9F0740-D497-4C6C-8F81-36E498A928B1}.Release|x86.ActiveCfg = Release|Win32
		{8F9F0740-D497-4C6C-8F81-36E498A928B1}.Release|x86.Build.0 = Release|Win32
		{4E155393-D959-4F56-AD0A-2F2067646806}.Debug|x64.ActiveCfg = Debug|x64
		{4E155393-D959-4F56-AD0A-2F2067646806}.Debug|x64.Build.0 = Debug|x64
		{4E155393-D959-4F56-AD0A-2F2067646806}.Debug|x86.ActiveCfg = Debug|Win32
		{4E155393-D959-4F56-AD0A-2F2067646806}.Debug|x86.Build.0 = Debug|Win32
		{4E155393-D959-4F56-AD0A-2F2067646806}.Release|x64.ActiveCfg = Release|x64
		{4E155393-D959-4F56-AD0A-2F2067646806}.Release|x64.Build.0 = Release|x64
		{4E155393-D959-4F56-AD0A-2F2067646806}.Release|x86.ActiveCfg = Release|Win32
		{4E155393-D959-4F56-AD0A-2F2067646806}.Release|x86.Build.0 = Release|Win32
	EndGlobalSection
	GlobalSection(SolutionProperties) = preSolution
		HideSolutionNode = FALSE
	EndGlobalSection
	GlobalSection(ExtensibilityGlobals) = postSolution
		SolutionGuid = {157B7757-565E-44D6-9F48-52261FA5969B}
	EndGlobalSection
EndGlobal
